
Microsoft Visual Studio Solution File, Format Version 12.00
# Visual Studio Version 17
VisualStudioVersion = 17.9.34728.123
MinimumVisualStudioVersion = 10.0.40219.1
Project("{9A19103F-16F7-4668-BE54-9A1E7A4F7556}") = "Singleton_Desing_Pattern_Example", "Singleton-Desing-Pattern\Singleton_Desing_Pattern_Example.csproj", "{48DF31D0-2E52-4075-906E-29CC29C56F21}"
EndProject
Project("{9A19103F-16F7-4668-BE54-9A1E7A4F7556}") = "Singleton_Desing_Pattern_AspNetCore_Example", "Singleton_Desin_Pattern_AspNetCore_Example\Singleton_Desing_Pattern_AspNetCore_Example.csproj", "{A1DE74DC-63F8-4B72-8442-32CE416F48F0}"
EndProject
Project("{9A19103F-16F7-4668-BE54-9A1E7A4F7556}") = "Singleton_Desing_Pattern_Asynchronous_Example", "Singleton_Desing_Pattern_Asynchronous_Example\Singleton_Desing_Pattern_Asynchronous_Example.csproj", "{5738BD03-C5E9-4698-897A-06708E7D8166}"
EndProject
Project("{9A19103F-16F7-4668-BE54-9A1E7A4F7556}") = "Multiton_Desing_Pattern_Example", "Multiton_Desing_Pattern_Example\Multiton_Desing_Pattern_Example.csproj", "{282578FB-D8BC-4A82-BFE1-78C879EA622E}"
EndProject
Project("{9A19103F-16F7-4668-BE54-9A1E7A4F7556}") = "Factory_Method_Desing_Pattern_Pratic_1", "Factory_Method_Desing_Pattern_Pratic\Factory_Method_Desing_Pattern_Pratic_1.csproj", "{3011C361-159C-477B-9FC0-966DEF55F969}"
EndProject
Project("{9A19103F-16F7-4668-BE54-9A1E7A4F7556}") = "Factory_Method_Desing_Pattern_Pratic_2", "Factory_Method_Desing_Pattern_Pratic_2\Factory_Method_Desing_Pattern_Pratic_2.csproj", "{BDA62912-0665-4EEF-968C-0EC0C7B97F96}"
EndProject
Project("{9A19103F-16F7-4668-BE54-9A1E7A4F7556}") = "Factory_Method_Desing_Pattern_CSharp_Example_1", "Factory_Method_Desing_Pattern_CSharp_Example\Factory_Method_Desing_Pattern_CSharp_Example_1.csproj", "{71EC3BC8-FE7C-4E32-B9A7-C322F7CE4983}"
EndProject
Project("{9A19103F-16F7-4668-BE54-9A1E7A4F7556}") = "Factory_Method_Desing_Pattern_CSharp_Example_2", "Factory_Method_Desing_Pattern_CSharp_Example_2\Factory_Method_Desing_Pattern_CSharp_Example_2.csproj", "{2906A943-B0DC-4718-8C8E-FCADEBCD1BB6}"
EndProject
Project("{9A19103F-16F7-4668-BE54-9A1E7A4F7556}") = "Factory_Method_Desing_Pattern_CSharp_Example_3", "Factory_Method_Desing_Pattern_CSharp_Example_3\Factory_Method_Desing_Pattern_CSharp_Example_3.csproj", "{C1286510-D528-4D18-A680-B29469B9E81C}"
EndProject
Project("{9A19103F-16F7-4668-BE54-9A1E7A4F7556}") = "Abstract_Factory_Desing_Pattern_Pratic_1", "Abstract_Factory_Desing_Pattern_Pratic\Abstract_Factory_Desing_Pattern_Pratic_1.csproj", "{C81B6E05-0828-42C8-AB77-CF3CAF0ADE92}"
EndProject
Project("{9A19103F-16F7-4668-BE54-9A1E7A4F7556}") = "Abstract_Factory_Desing_Pattern_Pratic_2", "Abstract_Factory_Desing_Pattern_Pratic_2\Abstract_Factory_Desing_Pattern_Pratic_2.csproj", "{925378A9-C69B-4AC6-B980-80482061DA42}"
EndProject
Project("{9A19103F-16F7-4668-BE54-9A1E7A4F7556}") = "Abstract_Factory_Desing_Pattern_CSharp_Example", "Abstract_Factory_Desing_Pattern_CSharp_Example\Abstract_Factory_Desing_Pattern_CSharp_Example.csproj", "{31202E26-3C8C-44DB-9DAB-25502283542E}"
EndProject
Project("{9A19103F-16F7-4668-BE54-9A1E7A4F7556}") = "Prototype_Desing_Pattern_Pratic_1", "Prototype_Desing_Pattern_Pratic_1\Prototype_Desing_Pattern_Pratic_1.csproj", "{CE0E5A75-E5EC-48F8-8D01-2E64929B39C2}"
EndProject
Project("{9A19103F-16F7-4668-BE54-9A1E7A4F7556}") = "Prototype_Desing_Pattern_Pratic_2", "Prototype_Desing_Pattern_Pratic_2\Prototype_Desing_Pattern_Pratic_2.csproj", "{A74187AE-91E4-4AAB-BCF5-7A4481016C00}"
EndProject
Project("{9A19103F-16F7-4668-BE54-9A1E7A4F7556}") = "Object_Pool_Desing_Pattern_Pratic_1", "Object_Pool_Desing_Pattern_Pratic_1\Object_Pool_Desing_Pattern_Pratic_1.csproj", "{5E8043F0-DA48-4A6A-9C28-B2BE0322D4B9}"
EndProject
Project("{9A19103F-16F7-4668-BE54-9A1E7A4F7556}") = "Object_Pool_Desing_Pattern_Pratic_2", "Object_Pool_Desing_Pattern_Pratic_2\Object_Pool_Desing_Pattern_Pratic_2.csproj", "{5FB98CDB-33B5-4187-9C67-C3E3F22DDE7B}"
EndProject
Project("{9A19103F-16F7-4668-BE54-9A1E7A4F7556}") = "Object_Pool_Desing_Pattern_Pratic_3_Asenkron", "Object_Pool_Desing_Pattern_Pratic_3\Object_Pool_Desing_Pattern_Pratic_3_Asenkron.csproj", "{6C1B489E-AF61-44C3-BC3A-BA6BCF636559}"
EndProject
Project("{9A19103F-16F7-4668-BE54-9A1E7A4F7556}") = "Object_Pool_Desing_Pattern_Pratic_4_MsExtensions", "Object_Pool_Desing_Pattern_Pratic_4_MsExtensions\Object_Pool_Desing_Pattern_Pratic_4_MsExtensions.csproj", "{D60F6750-8949-4D45-B2E0-135ED8697463}"
EndProject
Project("{9A19103F-16F7-4668-BE54-9A1E7A4F7556}") = "Object_Pool_Desing_Pattern_Pratic_5_AspCore", "Object_Pool_Desing_Pattern_Pratic_5_AspCore\Object_Pool_Desing_Pattern_Pratic_5_AspCore.csproj", "{78E084BD-79A1-4EAD-894F-68DC494CD794}"
EndProject
Project("{FAE04EC0-301F-11D3-BF4B-00C04F79EFBC}") = "Builder_Design_Pattern_Practice", "Builder_Design_Pattern_Practice\Builder_Design_Pattern_Practice.csproj", "{E41DC944-3BE4-42BD-A344-E4000BAA5B3F}"
EndProject
Project("{FAE04EC0-301F-11D3-BF4B-00C04F79EFBC}") = "Builder_Design_Pattern_Practice_2_FactoryMethod", "Builder_Design_Pattern_Practice_2_FactoryMethod\Builder_Design_Pattern_Practice_2_FactoryMethod.csproj", "{E7F9C8E0-25F4-47AB-920A-F77215F6C2F4}"
EndProject
Global
	GlobalSection(SolutionConfigurationPlatforms) = preSolution
		Debug|Any CPU = Debug|Any CPU
		Release|Any CPU = Release|Any CPU
	EndGlobalSection
	GlobalSection(ProjectConfigurationPlatforms) = postSolution
		{48DF31D0-2E52-4075-906E-29CC29C56F21}.Debug|Any CPU.ActiveCfg = Debug|Any CPU
		{48DF31D0-2E52-4075-906E-29CC29C56F21}.Debug|Any CPU.Build.0 = Debug|Any CPU
		{48DF31D0-2E52-4075-906E-29CC29C56F21}.Release|Any CPU.ActiveCfg = Release|Any CPU
		{48DF31D0-2E52-4075-906E-29CC29C56F21}.Release|Any CPU.Build.0 = Release|Any CPU
		{A1DE74DC-63F8-4B72-8442-32CE416F48F0}.Debug|Any CPU.ActiveCfg = Debug|Any CPU
		{A1DE74DC-63F8-4B72-8442-32CE416F48F0}.Debug|Any CPU.Build.0 = Debug|Any CPU
		{A1DE74DC-63F8-4B72-8442-32CE416F48F0}.Release|Any CPU.ActiveCfg = Release|Any CPU
		{A1DE74DC-63F8-4B72-8442-32CE416F48F0}.Release|Any CPU.Build.0 = Release|Any CPU
		{5738BD03-C5E9-4698-897A-06708E7D8166}.Debug|Any CPU.ActiveCfg = Debug|Any CPU
		{5738BD03-C5E9-4698-897A-06708E7D8166}.Debug|Any CPU.Build.0 = Debug|Any CPU
		{5738BD03-C5E9-4698-897A-06708E7D8166}.Release|Any CPU.ActiveCfg = Release|Any CPU
		{5738BD03-C5E9-4698-897A-06708E7D8166}.Release|Any CPU.Build.0 = Release|Any CPU
		{282578FB-D8BC-4A82-BFE1-78C879EA622E}.Debug|Any CPU.ActiveCfg = Debug|Any CPU
		{282578FB-D8BC-4A82-BFE1-78C879EA622E}.Debug|Any CPU.Build.0 = Debug|Any CPU
		{282578FB-D8BC-4A82-BFE1-78C879EA622E}.Release|Any CPU.ActiveCfg = Release|Any CPU
		{282578FB-D8BC-4A82-BFE1-78C879EA622E}.Release|Any CPU.Build.0 = Release|Any CPU
		{3011C361-159C-477B-9FC0-966DEF55F969}.Debug|Any CPU.ActiveCfg = Debug|Any CPU
		{3011C361-159C-477B-9FC0-966DEF55F969}.Debug|Any CPU.Build.0 = Debug|Any CPU
		{3011C361-159C-477B-9FC0-966DEF55F969}.Release|Any CPU.ActiveCfg = Release|Any CPU
		{3011C361-159C-477B-9FC0-966DEF55F969}.Release|Any CPU.Build.0 = Release|Any CPU
		{BDA62912-0665-4EEF-968C-0EC0C7B97F96}.Debug|Any CPU.ActiveCfg = Debug|Any CPU
		{BDA62912-0665-4EEF-968C-0EC0C7B97F96}.Debug|Any CPU.Build.0 = Debug|Any CPU
		{BDA62912-0665-4EEF-968C-0EC0C7B97F96}.Release|Any CPU.ActiveCfg = Release|Any CPU
		{BDA62912-0665-4EEF-968C-0EC0C7B97F96}.Release|Any CPU.Build.0 = Release|Any CPU
		{71EC3BC8-FE7C-4E32-B9A7-C322F7CE4983}.Debug|Any CPU.ActiveCfg = Debug|Any CPU
		{71EC3BC8-FE7C-4E32-B9A7-C322F7CE4983}.Debug|Any CPU.Build.0 = Debug|Any CPU
		{71EC3BC8-FE7C-4E32-B9A7-C322F7CE4983}.Release|Any CPU.ActiveCfg = Release|Any CPU
		{71EC3BC8-FE7C-4E32-B9A7-C322F7CE4983}.Release|Any CPU.Build.0 = Release|Any CPU
		{2906A943-B0DC-4718-8C8E-FCADEBCD1BB6}.Debug|Any CPU.ActiveCfg = Debug|Any CPU
		{2906A943-B0DC-4718-8C8E-FCADEBCD1BB6}.Debug|Any CPU.Build.0 = Debug|Any CPU
		{2906A943-B0DC-4718-8C8E-FCADEBCD1BB6}.Release|Any CPU.ActiveCfg = Release|Any CPU
		{2906A943-B0DC-4718-8C8E-FCADEBCD1BB6}.Release|Any CPU.Build.0 = Release|Any CPU
		{C1286510-D528-4D18-A680-B29469B9E81C}.Debug|Any CPU.ActiveCfg = Debug|Any CPU
		{C1286510-D528-4D18-A680-B29469B9E81C}.Debug|Any CPU.Build.0 = Debug|Any CPU
		{C1286510-D528-4D18-A680-B29469B9E81C}.Release|Any CPU.ActiveCfg = Release|Any CPU
		{C1286510-D528-4D18-A680-B29469B9E81C}.Release|Any CPU.Build.0 = Release|Any CPU
		{C81B6E05-0828-42C8-AB77-CF3CAF0ADE92}.Debug|Any CPU.ActiveCfg = Debug|Any CPU
		{C81B6E05-0828-42C8-AB77-CF3CAF0ADE92}.Debug|Any CPU.Build.0 = Debug|Any CPU
		{C81B6E05-0828-42C8-AB77-CF3CAF0ADE92}.Release|Any CPU.ActiveCfg = Release|Any CPU
		{C81B6E05-0828-42C8-AB77-CF3CAF0ADE92}.Release|Any CPU.Build.0 = Release|Any CPU
		{925378A9-C69B-4AC6-B980-80482061DA42}.Debug|Any CPU.ActiveCfg = Debug|Any CPU
		{925378A9-C69B-4AC6-B980-80482061DA42}.Debug|Any CPU.Build.0 = Debug|Any CPU
		{925378A9-C69B-4AC6-B980-80482061DA42}.Release|Any CPU.ActiveCfg = Release|Any CPU
		{925378A9-C69B-4AC6-B980-80482061DA42}.Release|Any CPU.Build.0 = Release|Any CPU
		{31202E26-3C8C-44DB-9DAB-25502283542E}.Debug|Any CPU.ActiveCfg = Debug|Any CPU
		{31202E26-3C8C-44DB-9DAB-25502283542E}.Debug|Any CPU.Build.0 = Debug|Any CPU
		{31202E26-3C8C-44DB-9DAB-25502283542E}.Release|Any CPU.ActiveCfg = Release|Any CPU
		{31202E26-3C8C-44DB-9DAB-25502283542E}.Release|Any CPU.Build.0 = Release|Any CPU
		{CE0E5A75-E5EC-48F8-8D01-2E64929B39C2}.Debug|Any CPU.ActiveCfg = Debug|Any CPU
		{CE0E5A75-E5EC-48F8-8D01-2E64929B39C2}.Debug|Any CPU.Build.0 = Debug|Any CPU
		{CE0E5A75-E5EC-48F8-8D01-2E64929B39C2}.Release|Any CPU.ActiveCfg = Release|Any CPU
		{CE0E5A75-E5EC-48F8-8D01-2E64929B39C2}.Release|Any CPU.Build.0 = Release|Any CPU
		{A74187AE-91E4-4AAB-BCF5-7A4481016C00}.Debug|Any CPU.ActiveCfg = Debug|Any CPU
		{A74187AE-91E4-4AAB-BCF5-7A4481016C00}.Debug|Any CPU.Build.0 = Debug|Any CPU
		{A74187AE-91E4-4AAB-BCF5-7A4481016C00}.Release|Any CPU.ActiveCfg = Release|Any CPU
		{A74187AE-91E4-4AAB-BCF5-7A4481016C00}.Release|Any CPU.Build.0 = Release|Any CPU
		{5E8043F0-DA48-4A6A-9C28-B2BE0322D4B9}.Debug|Any CPU.ActiveCfg = Debug|Any CPU
		{5E8043F0-DA48-4A6A-9C28-B2BE0322D4B9}.Debug|Any CPU.Build.0 = Debug|Any CPU
		{5E8043F0-DA48-4A6A-9C28-B2BE0322D4B9}.Release|Any CPU.ActiveCfg = Release|Any CPU
		{5E8043F0-DA48-4A6A-9C28-B2BE0322D4B9}.Release|Any CPU.Build.0 = Release|Any CPU
		{5FB98CDB-33B5-4187-9C67-C3E3F22DDE7B}.Debug|Any CPU.ActiveCfg = Debug|Any CPU
		{5FB98CDB-33B5-4187-9C67-C3E3F22DDE7B}.Debug|Any CPU.Build.0 = Debug|Any CPU
		{5FB98CDB-33B5-4187-9C67-C3E3F22DDE7B}.Release|Any CPU.ActiveCfg = Release|Any CPU
		{5FB98CDB-33B5-4187-9C67-C3E3F22DDE7B}.Release|Any CPU.Build.0 = Release|Any CPU
		{6C1B489E-AF61-44C3-BC3A-BA6BCF636559}.Debug|Any CPU.ActiveCfg = Debug|Any CPU
		{6C1B489E-AF61-44C3-BC3A-BA6BCF636559}.Debug|Any CPU.Build.0 = Debug|Any CPU
		{6C1B489E-AF61-44C3-BC3A-BA6BCF636559}.Release|Any CPU.ActiveCfg = Release|Any CPU
		{6C1B489E-AF61-44C3-BC3A-BA6BCF636559}.Release|Any CPU.Build.0 = Release|Any CPU
		{D60F6750-8949-4D45-B2E0-135ED8697463}.Debug|Any CPU.ActiveCfg = Debug|Any CPU
		{D60F6750-8949-4D45-B2E0-135ED8697463}.Debug|Any CPU.Build.0 = Debug|Any CPU
		{D60F6750-8949-4D45-B2E0-135ED8697463}.Release|Any CPU.ActiveCfg = Release|Any CPU
		{D60F6750-8949-4D45-B2E0-135ED8697463}.Release|Any CPU.Build.0 = Release|Any CPU
		{78E084BD-79A1-4EAD-894F-68DC494CD794}.Debug|Any CPU.ActiveCfg = Debug|Any CPU
		{78E084BD-79A1-4EAD-894F-68DC494CD794}.Debug|Any CPU.Build.0 = Debug|Any CPU
		{78E084BD-79A1-4EAD-894F-68DC494CD794}.Release|Any CPU.ActiveCfg = Release|Any CPU
		{78E084BD-79A1-4EAD-894F-68DC494CD794}.Release|Any CPU.Build.0 = Release|Any CPU
		{E41DC944-3BE4-42BD-A344-E4000BAA5B3F}.Debug|Any CPU.ActiveCfg = Debug|Any CPU
		{E41DC944-3BE4-42BD-A344-E4000BAA5B3F}.Debug|Any CPU.Build.0 = Debug|Any CPU
		{E41DC944-3BE4-42BD-A344-E4000BAA5B3F}.Release|Any CPU.ActiveCfg = Release|Any CPU
		{E41DC944-3BE4-42BD-A344-E4000BAA5B3F}.Release|Any CPU.Build.0 = Release|Any CPU
		{E7F9C8E0-25F4-47AB-920A-F77215F6C2F4}.Debug|Any CPU.ActiveCfg = Debug|Any CPU
		{E7F9C8E0-25F4-47AB-920A-F77215F6C2F4}.Debug|Any CPU.Build.0 = Debug|Any CPU
		{E7F9C8E0-25F4-47AB-920A-F77215F6C2F4}.Release|Any CPU.ActiveCfg = Release|Any CPU
		{E7F9C8E0-25F4-47AB-920A-F77215F6C2F4}.Release|Any CPU.Build.0 = Release|Any CPU
	EndGlobalSection
	GlobalSection(SolutionProperties) = preSolution
		HideSolutionNode = FALSE
	EndGlobalSection
	GlobalSection(ExtensibilityGlobals) = postSolution
		SolutionGuid = {78305AC5-D9B1-4BC8-B9A1-FB3E8D8662BD}
	EndGlobalSection
EndGlobal
